
Microsoft Visual Studio Solution File, Format Version 12.00
# Visual Studio Version 17
VisualStudioVersion = 17.11.35222.181
MinimumVisualStudioVersion = 10.0.40219.1
Project("{9A19103F-16F7-4668-BE54-9A1E7A4F7556}") = "MinimalApi", "MinimalApi.csproj", "{67C27A44-E693-492A-8F01-92ECDEC4C9E8}"
EndProject
Project("{FAE04EC0-301F-11D3-BF4B-00C04F79EFBC}") = "FunctionDemo", "..\FunctionDemo\FunctionDemo.csproj", "{10B71EAF-AB39-4DEA-9E9D-465F7D8069A4}"
EndProject
Global
	GlobalSection(SolutionConfigurationPlatforms) = preSolution
		Debug|Any CPU = Debug|Any CPU
		Release|Any CPU = Release|Any CPU
	EndGlobalSection
	GlobalSection(ProjectConfigurationPlatforms) = postSolution
		{67C27A44-E693-492A-8F01-92ECDEC4C9E8}.Debug|Any CPU.ActiveCfg = Debug|Any CPU
		{67C27A44-E693-492A-8F01-92ECDEC4C9E8}.Debug|Any CPU.Build.0 = Debug|Any CPU
		{67C27A44-E693-492A-8F01-92ECDEC4C9E8}.Release|Any CPU.ActiveCfg = Release|Any CPU
		{67C27A44-E693-492A-8F01-92ECDEC4C9E8}.Release|Any CPU.Build.0 = Release|Any CPU
		{10B71EAF-AB39-4DEA-9E9D-465F7D8069A4}.Debug|Any CPU.ActiveCfg = Debug|Any CPU
		{10B71EAF-AB39-4DEA-9E9D-465F7D8069A4}.Debug|Any CPU.Build.0 = Debug|Any CPU
		{10B71EAF-AB39-4DEA-9E9D-465F7D8069A4}.Release|Any CPU.ActiveCfg = Release|Any CPU
		{10B71EAF-AB39-4DEA-9E9D-465F7D8069A4}.Release|Any CPU.Build.0 = Release|Any CPU
	EndGlobalSection
	GlobalSection(SolutionProperties) = preSolution
		HideSolutionNode = FALSE
	EndGlobalSection
	GlobalSection(ExtensibilityGlobals) = postSolution
		SolutionGuid = {2766D122-7974-43F6-B448-02BC729C999A}
	EndGlobalSection
EndGlobal
